
Microsoft Visual Studio Solution File, Format Version 12.00
# Visual Studio Version 16
VisualStudioVersion = 16.0.32106.194
MinimumVisualStudioVersion = 10.0.40219.1
Project("{FAE04EC0-301F-11D3-BF4B-00C04F79EFBC}") = "Palindrome Check 1", "Palindrome Check 1\Palindrome Check 1.csproj", "{11754CBF-7074-4055-A6BD-615C200CC636}"
EndProject
Global
	GlobalSection(SolutionConfigurationPlatforms) = preSolution
		Debug|Any CPU = Debug|Any CPU
		Release|Any CPU = Release|Any CPU
	EndGlobalSection
	GlobalSection(ProjectConfigurationPlatforms) = postSolution
		{11754CBF-7074-4055-A6BD-615C200CC636}.Debug|Any CPU.ActiveCfg = Debug|Any CPU
		{11754CBF-7074-4055-A6BD-615C200CC636}.Debug|Any CPU.Build.0 = Debug|Any CPU
		{11754CBF-7074-4055-A6BD-615C200CC636}.Release|Any CPU.ActiveCfg = Release|Any CPU
		{11754CBF-7074-4055-A6BD-615C200CC636}.Release|Any CPU.Build.0 = Release|Any CPU
	EndGlobalSection
	GlobalSection(SolutionProperties) = preSolution
		HideSolutionNode = FALSE
	EndGlobalSection
	GlobalSection(ExtensibilityGlobals) = postSolution
		SolutionGuid = {284B9B2E-8019-449C-A2B3-D7C3A7E070C3}
	EndGlobalSection
EndGlobal
